
Microsoft Visual Studio Solution File, Format Version 12.00
# Visual Studio Version 16
VisualStudioVersion = 16.0.30011.22
MinimumVisualStudioVersion = 10.0.40219.1
Project("{FAE04EC0-301F-11D3-BF4B-00C04F79EFBC}") = "ilikeswitch", "ilikeswitch\ilikeswitch.csproj", "{9EC31FA3-34E6-42ED-A19B-394A7B00F72C}"
EndProject
Global
	GlobalSection(SolutionConfigurationPlatforms) = preSolution
		Debug|Any CPU = Debug|Any CPU
		Release|Any CPU = Release|Any CPU
	EndGlobalSection
	GlobalSection(ProjectConfigurationPlatforms) = postSolution
		{9EC31FA3-34E6-42ED-A19B-394A7B00F72C}.Debug|Any CPU.ActiveCfg = Debug|Any CPU
		{9EC31FA3-34E6-42ED-A19B-394A7B00F72C}.Debug|Any CPU.Build.0 = Debug|Any CPU
		{9EC31FA3-34E6-42ED-A19B-394A7B00F72C}.Release|Any CPU.ActiveCfg = Release|Any CPU
		{9EC31FA3-34E6-42ED-A19B-394A7B00F72C}.Release|Any CPU.Build.0 = Release|Any CPU
	EndGlobalSection
	GlobalSection(SolutionProperties) = preSolution
		HideSolutionNode = FALSE
	EndGlobalSection
	GlobalSection(ExtensibilityGlobals) = postSolution
		SolutionGuid = {1942CB4D-8E5C-49AB-9AAF-8975BFA8C8EB}
	EndGlobalSection
EndGlobal
